// !$*UTF8*$!
{
	archiveVersion = 1;
	classes = {
	};
	objectVersion = 46;
	objects = {

/* Begin PBXBuildFile section */
		5CA395550405474CB8773050 /* libPods.a in Frameworks */ = {isa = PBXBuildFile; fileRef = 6ABA92A0C3AE4A6BBA37FEDF /* libPods.a */; };
		D712B7661912E5780063B45B /* TPHomeVC.m in Sources */ = {isa = PBXBuildFile; fileRef = D712B7651912E5780063B45B /* TPHomeVC.m */; };
		D712B7691912FDC20063B45B /* TPBrowseIdeasCell.m in Sources */ = {isa = PBXBuildFile; fileRef = D712B7681912FDC20063B45B /* TPBrowseIdeasCell.m */; };
		D7DFA66919117FD2001AE811 /* Foundation.framework in Frameworks */ = {isa = PBXBuildFile; fileRef = D7DFA66819117FD2001AE811 /* Foundation.framework */; };
		D7DFA66B19117FD2001AE811 /* CoreGraphics.framework in Frameworks */ = {isa = PBXBuildFile; fileRef = D7DFA66A19117FD2001AE811 /* CoreGraphics.framework */; };
		D7DFA66D19117FD2001AE811 /* UIKit.framework in Frameworks */ = {isa = PBXBuildFile; fileRef = D7DFA66C19117FD2001AE811 /* UIKit.framework */; };
		D7DFA67319117FD2001AE811 /* InfoPlist.strings in Resources */ = {isa = PBXBuildFile; fileRef = D7DFA67119117FD2001AE811 /* InfoPlist.strings */; };
		D7DFA67519117FD2001AE811 /* main.m in Sources */ = {isa = PBXBuildFile; fileRef = D7DFA67419117FD2001AE811 /* main.m */; };
		D7DFA67919117FD2001AE811 /* TPAppDelegate.m in Sources */ = {isa = PBXBuildFile; fileRef = D7DFA67819117FD2001AE811 /* TPAppDelegate.m */; };
		D7DFA67C19117FD2001AE811 /* Main.storyboard in Resources */ = {isa = PBXBuildFile; fileRef = D7DFA67A19117FD2001AE811 /* Main.storyboard */; };
		D7DFA67F19117FD2001AE811 /* TPViewController.m in Sources */ = {isa = PBXBuildFile; fileRef = D7DFA67E19117FD2001AE811 /* TPViewController.m */; };
		D7DFA68119117FD2001AE811 /* Images.xcassets in Resources */ = {isa = PBXBuildFile; fileRef = D7DFA68019117FD2001AE811 /* Images.xcassets */; };
		D7DFA68819117FD2001AE811 /* XCTest.framework in Frameworks */ = {isa = PBXBuildFile; fileRef = D7DFA68719117FD2001AE811 /* XCTest.framework */; };
		D7DFA68919117FD2001AE811 /* Foundation.framework in Frameworks */ = {isa = PBXBuildFile; fileRef = D7DFA66819117FD2001AE811 /* Foundation.framework */; };
		D7DFA68A19117FD2001AE811 /* UIKit.framework in Frameworks */ = {isa = PBXBuildFile; fileRef = D7DFA66C19117FD2001AE811 /* UIKit.framework */; };
		D7DFA69219117FD2001AE811 /* InfoPlist.strings in Resources */ = {isa = PBXBuildFile; fileRef = D7DFA69019117FD2001AE811 /* InfoPlist.strings */; };
		D7DFA69419117FD2001AE811 /* StashTests.m in Sources */ = {isa = PBXBuildFile; fileRef = D7DFA69319117FD2001AE811 /* StashTests.m */; };
		D7ECF5AC1912ADB700FF7DE6 /* TPIdea.m in Sources */ = {isa = PBXBuildFile; fileRef = D7ECF5AB1912ADB700FF7DE6 /* TPIdea.m */; };
		D7ECF5B51912B29100FF7DE6 /* TPCategorySelectionVC.m in Sources */ = {isa = PBXBuildFile; fileRef = D7ECF5B41912B29100FF7DE6 /* TPCategorySelectionVC.m */; };
		D7ECF5B81912B29F00FF7DE6 /* TPAddIdeaVC.m in Sources */ = {isa = PBXBuildFile; fileRef = D7ECF5B71912B29F00FF7DE6 /* TPAddIdeaVC.m */; };
		D7ECF5BB1912B2E100FF7DE6 /* TPIdeaController.m in Sources */ = {isa = PBXBuildFile; fileRef = D7ECF5BA1912B2E100FF7DE6 /* TPIdeaController.m */; };
		D7ECF5C01912CE3200FF7DE6 /* TPBrowseIdeasVC.m in Sources */ = {isa = PBXBuildFile; fileRef = D7ECF5BF1912CE3200FF7DE6 /* TPBrowseIdeasVC.m */; };
		D7F0070F1911C18300EB0C62 /* Business_Icon.png in Resources */ = {isa = PBXBuildFile; fileRef = D7F006ED1911C18300EB0C62 /* Business_Icon.png */; };
		D7F007101911C18300EB0C62 /* Education_Icon.png in Resources */ = {isa = PBXBuildFile; fileRef = D7F006EE1911C18300EB0C62 /* Education_Icon.png */; };
		D7F007111911C18300EB0C62 /* Entertainment_Icon.png in Resources */ = {isa = PBXBuildFile; fileRef = D7F006EF1911C18300EB0C62 /* Entertainment_Icon.png */; };
		D7F007121911C18300EB0C62 /* Finance_Icon.png in Resources */ = {isa = PBXBuildFile; fileRef = D7F006F01911C18300EB0C62 /* Finance_Icon.png */; };
		D7F007131911C18300EB0C62 /* Fitness_Icon.png in Resources */ = {isa = PBXBuildFile; fileRef = D7F006F11911C18300EB0C62 /* Fitness_Icon.png */; };
		D7F007141911C18300EB0C62 /* FoodAndDrinkIcon.png in Resources */ = {isa = PBXBuildFile; fileRef = D7F006F21911C18300EB0C62 /* FoodAndDrinkIcon.png */; };
		D7F007151911C18300EB0C62 /* Games_Icon.png in Resources */ = {isa = PBXBuildFile; fileRef = D7F006F31911C18300EB0C62 /* Games_Icon.png */; };
		D7F007161911C18300EB0C62 /* Lifestyle_Icon.png in Resources */ = {isa = PBXBuildFile; fileRef = D7F006F41911C18300EB0C62 /* Lifestyle_Icon.png */; };
		D7F007171911C18300EB0C62 /* Medical_Icon.png in Resources */ = {isa = PBXBuildFile; fileRef = D7F006F51911C18300EB0C62 /* Medical_Icon.png */; };
		D7F007181911C18300EB0C62 /* Music_Icon.png in Resources */ = {isa = PBXBuildFile; fileRef = D7F006F61911C18300EB0C62 /* Music_Icon.png */; };
		D7F007191911C18300EB0C62 /* Navigation_Icon.png in Resources */ = {isa = PBXBuildFile; fileRef = D7F006F71911C18300EB0C62 /* Navigation_Icon.png */; };
		D7F0071A1911C18300EB0C62 /* News_Icon.png in Resources */ = {isa = PBXBuildFile; fileRef = D7F006F81911C18300EB0C62 /* News_Icon.png */; };
		D7F0071B1911C18300EB0C62 /* Photography_Icon.png in Resources */ = {isa = PBXBuildFile; fileRef = D7F006F91911C18300EB0C62 /* Photography_Icon.png */; };
		D7F0071C1911C18300EB0C62 /* Productivity_Icon.png in Resources */ = {isa = PBXBuildFile; fileRef = D7F006FA1911C18300EB0C62 /* Productivity_Icon.png */; };
		D7F0071D1911C18300EB0C62 /* Reference_Icon.png in Resources */ = {isa = PBXBuildFile; fileRef = D7F006FB1911C18300EB0C62 /* Reference_Icon.png */; };
		D7F0071E1911C18300EB0C62 /* SocialNetworking_Icon.png in Resources */ = {isa = PBXBuildFile; fileRef = D7F006FC1911C18300EB0C62 /* SocialNetworking_Icon.png */; };
		D7F0071F1911C18300EB0C62 /* Sports_Icon.png in Resources */ = {isa = PBXBuildFile; fileRef = D7F006FD1911C18300EB0C62 /* Sports_Icon.png */; };
		D7F007201911C18300EB0C62 /* Travel_Icon.png in Resources */ = {isa = PBXBuildFile; fileRef = D7F006FE1911C18300EB0C62 /* Travel_Icon.png */; };
		D7F007211911C18300EB0C62 /* Utility_Icon.png in Resources */ = {isa = PBXBuildFile; fileRef = D7F006FF1911C18300EB0C62 /* Utility_Icon.png */; };
		D7F007221911C18300EB0C62 /* Weather.png in Resources */ = {isa = PBXBuildFile; fileRef = D7F007001911C18300EB0C62 /* Weather.png */; };
		D7F007231911C18300EB0C62 /* Stash_Icon.png in Resources */ = {isa = PBXBuildFile; fileRef = D7F007021911C18300EB0C62 /* Stash_Icon.png */; };
		D7F007241911C18300EB0C62 /* Stash_Icon.psd in Resources */ = {isa = PBXBuildFile; fileRef = D7F007031911C18300EB0C62 /* Stash_Icon.psd */; };
		D7F007251911C18300EB0C62 /* Launch Image Quotes.rtf in Resources */ = {isa = PBXBuildFile; fileRef = D7F007051911C18300EB0C62 /* Launch Image Quotes.rtf */; };
		D7F007261911C18300EB0C62 /* Stash_Launcher.psd in Resources */ = {isa = PBXBuildFile; fileRef = D7F007061911C18300EB0C62 /* Stash_Launcher.psd */; };
		D7F007271911C18300EB0C62 /* Stash_Launcher_1.png in Resources */ = {isa = PBXBuildFile; fileRef = D7F007071911C18300EB0C62 /* Stash_Launcher_1.png */; };
		D7F007281911C18300EB0C62 /* AddIdea.png in Resources */ = {isa = PBXBuildFile; fileRef = D7F007091911C18300EB0C62 /* AddIdea.png */; };
		D7F007291911C18300EB0C62 /* BrowseIdea.png in Resources */ = {isa = PBXBuildFile; fileRef = D7F0070A1911C18300EB0C62 /* BrowseIdea.png */; };
		D7F0072A1911C18300EB0C62 /* MusicIcon.png in Resources */ = {isa = PBXBuildFile; fileRef = D7F0070B1911C18300EB0C62 /* MusicIcon.png */; };
		D7F0072B1911C18300EB0C62 /* StashLogo.png in Resources */ = {isa = PBXBuildFile; fileRef = D7F0070C1911C18300EB0C62 /* StashLogo.png */; };
		D7F007361911E2CB00EB0C62 /* tagline.png in Resources */ = {isa = PBXBuildFile; fileRef = D7F007341911E2CB00EB0C62 /* tagline.png */; };
		D7F007371911E2CB00EB0C62 /* PickACategory.png in Resources */ = {isa = PBXBuildFile; fileRef = D7F007351911E2CB00EB0C62 /* PickACategory.png */; };
		D7F0073A1911EC1100EB0C62 /* SWParallaxScrollView.mm in Sources */ = {isa = PBXBuildFile; fileRef = D7F007391911EC1100EB0C62 /* SWParallaxScrollView.mm */; };
		D7F4D8C0191205340067593E /* SuperViewBG.png in Resources */ = {isa = PBXBuildFile; fileRef = D7F4D8BE191205340067593E /* SuperViewBG.png */; };
		D7F4D8C1191205340067593E /* SuperViewBG@2x.png in Resources */ = {isa = PBXBuildFile; fileRef = D7F4D8BF191205340067593E /* SuperViewBG@2x.png */; };
/* End PBXBuildFile section */

/* Begin PBXContainerItemProxy section */
		D7DFA68B19117FD2001AE811 /* PBXContainerItemProxy */ = {
			isa = PBXContainerItemProxy;
			containerPortal = D7DFA65D19117FD2001AE811 /* Project object */;
			proxyType = 1;
			remoteGlobalIDString = D7DFA66419117FD2001AE811;
			remoteInfo = Stash;
		};
/* End PBXContainerItemProxy section */

/* Begin PBXFileReference section */
		5DA3F53528254B0FBE8B69AB /* Pods.xcconfig */ = {isa = PBXFileReference; includeInIndex = 1; lastKnownFileType = text.xcconfig; name = Pods.xcconfig; path = Pods/Pods.xcconfig; sourceTree = "<group>"; };
		6ABA92A0C3AE4A6BBA37FEDF /* libPods.a */ = {isa = PBXFileReference; explicitFileType = archive.ar; includeInIndex = 0; path = libPods.a; sourceTree = BUILT_PRODUCTS_DIR; };
		D712B7641912E5780063B45B /* TPHomeVC.h */ = {isa = PBXFileReference; fileEncoding = 4; lastKnownFileType = sourcecode.c.h; path = TPHomeVC.h; sourceTree = "<group>"; };
		D712B7651912E5780063B45B /* TPHomeVC.m */ = {isa = PBXFileReference; fileEncoding = 4; lastKnownFileType = sourcecode.c.objc; path = TPHomeVC.m; sourceTree = "<group>"; };
		D712B7671912FDC20063B45B /* TPBrowseIdeasCell.h */ = {isa = PBXFileReference; fileEncoding = 4; lastKnownFileType = sourcecode.c.h; path = TPBrowseIdeasCell.h; sourceTree = "<group>"; };
		D712B7681912FDC20063B45B /* TPBrowseIdeasCell.m */ = {isa = PBXFileReference; fileEncoding = 4; lastKnownFileType = sourcecode.c.objc; path = TPBrowseIdeasCell.m; sourceTree = "<group>"; };
		D7DFA66519117FD2001AE811 /* Stash.app */ = {isa = PBXFileReference; explicitFileType = wrapper.application; includeInIndex = 0; path = Stash.app; sourceTree = BUILT_PRODUCTS_DIR; };
		D7DFA66819117FD2001AE811 /* Foundation.framework */ = {isa = PBXFileReference; lastKnownFileType = wrapper.framework; name = Foundation.framework; path = System/Library/Frameworks/Foundation.framework; sourceTree = SDKROOT; };
		D7DFA66A19117FD2001AE811 /* CoreGraphics.framework */ = {isa = PBXFileReference; lastKnownFileType = wrapper.framework; name = CoreGraphics.framework; path = System/Library/Frameworks/CoreGraphics.framework; sourceTree = SDKROOT; };
		D7DFA66C19117FD2001AE811 /* UIKit.framework */ = {isa = PBXFileReference; lastKnownFileType = wrapper.framework; name = UIKit.framework; path = System/Library/Frameworks/UIKit.framework; sourceTree = SDKROOT; };
		D7DFA67019117FD2001AE811 /* Stash-Info.plist */ = {isa = PBXFileReference; lastKnownFileType = text.plist.xml; path = "Stash-Info.plist"; sourceTree = "<group>"; };
		D7DFA67219117FD2001AE811 /* en */ = {isa = PBXFileReference; lastKnownFileType = text.plist.strings; name = en; path = en.lproj/InfoPlist.strings; sourceTree = "<group>"; };
		D7DFA67419117FD2001AE811 /* main.m */ = {isa = PBXFileReference; lastKnownFileType = sourcecode.c.objc; path = main.m; sourceTree = "<group>"; };
		D7DFA67619117FD2001AE811 /* Stash-Prefix.pch */ = {isa = PBXFileReference; lastKnownFileType = sourcecode.c.h; path = "Stash-Prefix.pch"; sourceTree = "<group>"; };
		D7DFA67719117FD2001AE811 /* TPAppDelegate.h */ = {isa = PBXFileReference; lastKnownFileType = sourcecode.c.h; path = TPAppDelegate.h; sourceTree = "<group>"; };
		D7DFA67819117FD2001AE811 /* TPAppDelegate.m */ = {isa = PBXFileReference; lastKnownFileType = sourcecode.c.objc; path = TPAppDelegate.m; sourceTree = "<group>"; };
		D7DFA67B19117FD2001AE811 /* Base */ = {isa = PBXFileReference; lastKnownFileType = file.storyboard; name = Base; path = Base.lproj/Main.storyboard; sourceTree = "<group>"; };
		D7DFA67D19117FD2001AE811 /* TPViewController.h */ = {isa = PBXFileReference; lastKnownFileType = sourcecode.c.h; path = TPViewController.h; sourceTree = "<group>"; };
		D7DFA67E19117FD2001AE811 /* TPViewController.m */ = {isa = PBXFileReference; lastKnownFileType = sourcecode.c.objc; path = TPViewController.m; sourceTree = "<group>"; };
		D7DFA68019117FD2001AE811 /* Images.xcassets */ = {isa = PBXFileReference; lastKnownFileType = folder.assetcatalog; path = Images.xcassets; sourceTree = "<group>"; };
		D7DFA68619117FD2001AE811 /* StashTests.xctest */ = {isa = PBXFileReference; explicitFileType = wrapper.cfbundle; includeInIndex = 0; path = StashTests.xctest; sourceTree = BUILT_PRODUCTS_DIR; };
		D7DFA68719117FD2001AE811 /* XCTest.framework */ = {isa = PBXFileReference; lastKnownFileType = wrapper.framework; name = XCTest.framework; path = Library/Frameworks/XCTest.framework; sourceTree = DEVELOPER_DIR; };
		D7DFA68F19117FD2001AE811 /* StashTests-Info.plist */ = {isa = PBXFileReference; lastKnownFileType = text.plist.xml; path = "StashTests-Info.plist"; sourceTree = "<group>"; };
		D7DFA69119117FD2001AE811 /* en */ = {isa = PBXFileReference; lastKnownFileType = text.plist.strings; name = en; path = en.lproj/InfoPlist.strings; sourceTree = "<group>"; };
		D7DFA69319117FD2001AE811 /* StashTests.m */ = {isa = PBXFileReference; lastKnownFileType = sourcecode.c.objc; path = StashTests.m; sourceTree = "<group>"; };
		D7ECF5AA1912ADB700FF7DE6 /* TPIdea.h */ = {isa = PBXFileReference; fileEncoding = 4; lastKnownFileType = sourcecode.c.h; path = TPIdea.h; sourceTree = "<group>"; };
		D7ECF5AB1912ADB700FF7DE6 /* TPIdea.m */ = {isa = PBXFileReference; fileEncoding = 4; lastKnownFileType = sourcecode.c.objc; path = TPIdea.m; sourceTree = "<group>"; };
		D7ECF5B31912B29100FF7DE6 /* TPCategorySelectionVC.h */ = {isa = PBXFileReference; fileEncoding = 4; lastKnownFileType = sourcecode.c.h; path = TPCategorySelectionVC.h; sourceTree = "<group>"; };
		D7ECF5B41912B29100FF7DE6 /* TPCategorySelectionVC.m */ = {isa = PBXFileReference; fileEncoding = 4; lastKnownFileType = sourcecode.c.objc; path = TPCategorySelectionVC.m; sourceTree = "<group>"; };
		D7ECF5B61912B29F00FF7DE6 /* TPAddIdeaVC.h */ = {isa = PBXFileReference; fileEncoding = 4; lastKnownFileType = sourcecode.c.h; path = TPAddIdeaVC.h; sourceTree = "<group>"; };
		D7ECF5B71912B29F00FF7DE6 /* TPAddIdeaVC.m */ = {isa = PBXFileReference; fileEncoding = 4; lastKnownFileType = sourcecode.c.objc; path = TPAddIdeaVC.m; sourceTree = "<group>"; };
		D7ECF5B91912B2E100FF7DE6 /* TPIdeaController.h */ = {isa = PBXFileReference; fileEncoding = 4; lastKnownFileType = sourcecode.c.h; path = TPIdeaController.h; sourceTree = "<group>"; };
		D7ECF5BA1912B2E100FF7DE6 /* TPIdeaController.m */ = {isa = PBXFileReference; fileEncoding = 4; lastKnownFileType = sourcecode.c.objc; path = TPIdeaController.m; sourceTree = "<group>"; };
		D7ECF5BE1912CE3200FF7DE6 /* TPBrowseIdeasVC.h */ = {isa = PBXFileReference; fileEncoding = 4; lastKnownFileType = sourcecode.c.h; path = TPBrowseIdeasVC.h; sourceTree = "<group>"; };
		D7ECF5BF1912CE3200FF7DE6 /* TPBrowseIdeasVC.m */ = {isa = PBXFileReference; fileEncoding = 4; lastKnownFileType = sourcecode.c.objc; path = TPBrowseIdeasVC.m; sourceTree = "<group>"; };
		D7F006ED1911C18300EB0C62 /* Business_Icon.png */ = {isa = PBXFileReference; lastKnownFileType = image.png; path = Business_Icon.png; sourceTree = "<group>"; };
		D7F006EE1911C18300EB0C62 /* Education_Icon.png */ = {isa = PBXFileReference; lastKnownFileType = image.png; path = Education_Icon.png; sourceTree = "<group>"; };
		D7F006EF1911C18300EB0C62 /* Entertainment_Icon.png */ = {isa = PBXFileReference; lastKnownFileType = image.png; path = Entertainment_Icon.png; sourceTree = "<group>"; };
		D7F006F01911C18300EB0C62 /* Finance_Icon.png */ = {isa = PBXFileReference; lastKnownFileType = image.png; path = Finance_Icon.png; sourceTree = "<group>"; };
		D7F006F11911C18300EB0C62 /* Fitness_Icon.png */ = {isa = PBXFileReference; lastKnownFileType = image.png; path = Fitness_Icon.png; sourceTree = "<group>"; };
		D7F006F21911C18300EB0C62 /* FoodAndDrinkIcon.png */ = {isa = PBXFileReference; lastKnownFileType = image.png; path = FoodAndDrinkIcon.png; sourceTree = "<group>"; };
		D7F006F31911C18300EB0C62 /* Games_Icon.png */ = {isa = PBXFileReference; lastKnownFileType = image.png; path = Games_Icon.png; sourceTree = "<group>"; };
		D7F006F41911C18300EB0C62 /* Lifestyle_Icon.png */ = {isa = PBXFileReference; lastKnownFileType = image.png; path = Lifestyle_Icon.png; sourceTree = "<group>"; };
		D7F006F51911C18300EB0C62 /* Medical_Icon.png */ = {isa = PBXFileReference; lastKnownFileType = image.png; path = Medical_Icon.png; sourceTree = "<group>"; };
		D7F006F61911C18300EB0C62 /* Music_Icon.png */ = {isa = PBXFileReference; lastKnownFileType = image.png; path = Music_Icon.png; sourceTree = "<group>"; };
		D7F006F71911C18300EB0C62 /* Navigation_Icon.png */ = {isa = PBXFileReference; lastKnownFileType = image.png; path = Navigation_Icon.png; sourceTree = "<group>"; };
		D7F006F81911C18300EB0C62 /* News_Icon.png */ = {isa = PBXFileReference; lastKnownFileType = image.png; path = News_Icon.png; sourceTree = "<group>"; };
		D7F006F91911C18300EB0C62 /* Photography_Icon.png */ = {isa = PBXFileReference; lastKnownFileType = image.png; path = Photography_Icon.png; sourceTree = "<group>"; };
		D7F006FA1911C18300EB0C62 /* Productivity_Icon.png */ = {isa = PBXFileReference; lastKnownFileType = image.png; path = Productivity_Icon.png; sourceTree = "<group>"; };
		D7F006FB1911C18300EB0C62 /* Reference_Icon.png */ = {isa = PBXFileReference; lastKnownFileType = image.png; path = Reference_Icon.png; sourceTree = "<group>"; };
		D7F006FC1911C18300EB0C62 /* SocialNetworking_Icon.png */ = {isa = PBXFileReference; lastKnownFileType = image.png; path = SocialNetworking_Icon.png; sourceTree = "<group>"; };
		D7F006FD1911C18300EB0C62 /* Sports_Icon.png */ = {isa = PBXFileReference; lastKnownFileType = image.png; path = Sports_Icon.png; sourceTree = "<group>"; };
		D7F006FE1911C18300EB0C62 /* Travel_Icon.png */ = {isa = PBXFileReference; lastKnownFileType = image.png; path = Travel_Icon.png; sourceTree = "<group>"; };
		D7F006FF1911C18300EB0C62 /* Utility_Icon.png */ = {isa = PBXFileReference; lastKnownFileType = image.png; path = Utility_Icon.png; sourceTree = "<group>"; };
		D7F007001911C18300EB0C62 /* Weather.png */ = {isa = PBXFileReference; lastKnownFileType = image.png; path = Weather.png; sourceTree = "<group>"; };
		D7F007021911C18300EB0C62 /* Stash_Icon.png */ = {isa = PBXFileReference; lastKnownFileType = image.png; path = Stash_Icon.png; sourceTree = "<group>"; };
		D7F007031911C18300EB0C62 /* Stash_Icon.psd */ = {isa = PBXFileReference; lastKnownFileType = file; path = Stash_Icon.psd; sourceTree = "<group>"; };
		D7F007051911C18300EB0C62 /* Launch Image Quotes.rtf */ = {isa = PBXFileReference; fileEncoding = 4; lastKnownFileType = text.rtf; path = "Launch Image Quotes.rtf"; sourceTree = "<group>"; };
		D7F007061911C18300EB0C62 /* Stash_Launcher.psd */ = {isa = PBXFileReference; lastKnownFileType = file; path = Stash_Launcher.psd; sourceTree = "<group>"; };
		D7F007071911C18300EB0C62 /* Stash_Launcher_1.png */ = {isa = PBXFileReference; lastKnownFileType = image.png; path = Stash_Launcher_1.png; sourceTree = "<group>"; };
		D7F007091911C18300EB0C62 /* AddIdea.png */ = {isa = PBXFileReference; lastKnownFileType = image.png; path = AddIdea.png; sourceTree = "<group>"; };
		D7F0070A1911C18300EB0C62 /* BrowseIdea.png */ = {isa = PBXFileReference; lastKnownFileType = image.png; path = BrowseIdea.png; sourceTree = "<group>"; };
		D7F0070B1911C18300EB0C62 /* MusicIcon.png */ = {isa = PBXFileReference; lastKnownFileType = image.png; path = MusicIcon.png; sourceTree = "<group>"; };
		D7F0070C1911C18300EB0C62 /* StashLogo.png */ = {isa = PBXFileReference; lastKnownFileType = image.png; path = StashLogo.png; sourceTree = "<group>"; };
		D7F0072C1911DDFD00EB0C62 /* Aleo-Regular.otf */ = {isa = PBXFileReference; lastKnownFileType = file; path = "Aleo-Regular.otf"; sourceTree = "<group>"; };
		D7F0072D1911DDFD00EB0C62 /* Aleo-Bold.otf */ = {isa = PBXFileReference; lastKnownFileType = file; path = "Aleo-Bold.otf"; sourceTree = "<group>"; };
		D7F0072E1911DDFD00EB0C62 /* Aleo-Light.otf */ = {isa = PBXFileReference; lastKnownFileType = file; path = "Aleo-Light.otf"; sourceTree = "<group>"; };
		D7F007311911DDFD00EB0C62 /* Aleo-BoldItalic.otf */ = {isa = PBXFileReference; lastKnownFileType = file; path = "Aleo-BoldItalic.otf"; sourceTree = "<group>"; };
		D7F007341911E2CB00EB0C62 /* tagline.png */ = {isa = PBXFileReference; lastKnownFileType = image.png; name = tagline.png; path = ../tagline.png; sourceTree = "<group>"; };
		D7F007351911E2CB00EB0C62 /* PickACategory.png */ = {isa = PBXFileReference; lastKnownFileType = image.png; name = PickACategory.png; path = ../PickACategory.png; sourceTree = "<group>"; };
		D7F007381911EC1100EB0C62 /* SWParallaxScrollView.h */ = {isa = PBXFileReference; fileEncoding = 4; lastKnownFileType = sourcecode.c.h; path = SWParallaxScrollView.h; sourceTree = "<group>"; };
		D7F007391911EC1100EB0C62 /* SWParallaxScrollView.mm */ = {isa = PBXFileReference; fileEncoding = 4; lastKnownFileType = sourcecode.cpp.objcpp; path = SWParallaxScrollView.mm; sourceTree = "<group>"; };
		D7F4D8BE191205340067593E /* SuperViewBG.png */ = {isa = PBXFileReference; lastKnownFileType = image.png; path = SuperViewBG.png; sourceTree = "<group>"; };
		D7F4D8BF191205340067593E /* SuperViewBG@2x.png */ = {isa = PBXFileReference; lastKnownFileType = image.png; path = "SuperViewBG@2x.png"; sourceTree = "<group>"; };
/* End PBXFileReference section */

/* Begin PBXFrameworksBuildPhase section */
		D7DFA66219117FD2001AE811 /* Frameworks */ = {
			isa = PBXFrameworksBuildPhase;
			buildActionMask = 2147483647;
			files = (
				D7DFA66B19117FD2001AE811 /* CoreGraphics.framework in Frameworks */,
				D7DFA66D19117FD2001AE811 /* UIKit.framework in Frameworks */,
				D7DFA66919117FD2001AE811 /* Foundation.framework in Frameworks */,
				5CA395550405474CB8773050 /* libPods.a in Frameworks */,
			);
			runOnlyForDeploymentPostprocessing = 0;
		};
		D7DFA68319117FD2001AE811 /* Frameworks */ = {
			isa = PBXFrameworksBuildPhase;
			buildActionMask = 2147483647;
			files = (
				D7DFA68819117FD2001AE811 /* XCTest.framework in Frameworks */,
				D7DFA68A19117FD2001AE811 /* UIKit.framework in Frameworks */,
				D7DFA68919117FD2001AE811 /* Foundation.framework in Frameworks */,
			);
			runOnlyForDeploymentPostprocessing = 0;
		};
/* End PBXFrameworksBuildPhase section */

/* Begin PBXGroup section */
		D7DFA65C19117FD2001AE811 = {
			isa = PBXGroup;
			children = (
				D7DFA66E19117FD2001AE811 /* Stash */,
				D7DFA68D19117FD2001AE811 /* StashTests */,
				D7DFA66719117FD2001AE811 /* Frameworks */,
				D7DFA66619117FD2001AE811 /* Products */,
				5DA3F53528254B0FBE8B69AB /* Pods.xcconfig */,
			);
			sourceTree = "<group>";
		};
		D7DFA66619117FD2001AE811 /* Products */ = {
			isa = PBXGroup;
			children = (
				D7DFA66519117FD2001AE811 /* Stash.app */,
				D7DFA68619117FD2001AE811 /* StashTests.xctest */,
			);
			name = Products;
			sourceTree = "<group>";
		};
		D7DFA66719117FD2001AE811 /* Frameworks */ = {
			isa = PBXGroup;
			children = (
				D7DFA66819117FD2001AE811 /* Foundation.framework */,
				D7DFA66A19117FD2001AE811 /* CoreGraphics.framework */,
				D7DFA66C19117FD2001AE811 /* UIKit.framework */,
				D7DFA68719117FD2001AE811 /* XCTest.framework */,
				6ABA92A0C3AE4A6BBA37FEDF /* libPods.a */,
			);
			name = Frameworks;
			sourceTree = "<group>";
		};
		D7DFA66E19117FD2001AE811 /* Stash */ = {
			isa = PBXGroup;
			children = (
				D7DFA68019117FD2001AE811 /* Images.xcassets */,
				D7ECF5B21912B23F00FF7DE6 /* Model */,
				D7ECF5B11912B1EC00FF7DE6 /* View */,
				D7ECF5BC1912B2E800FF7DE6 /* Controller */,
				D7DFA66F19117FD2001AE811 /* Supporting Files */,
			);
			path = Stash;
			sourceTree = "<group>";
		};
		D7DFA66F19117FD2001AE811 /* Supporting Files */ = {
			isa = PBXGroup;
			children = (
				D7F007321911DE1400EB0C62 /* Images */,
				D7F007331911DE1E00EB0C62 /* Fonts */,
				D7DFA67719117FD2001AE811 /* TPAppDelegate.h */,
				D7DFA67819117FD2001AE811 /* TPAppDelegate.m */,
				D7DFA67019117FD2001AE811 /* Stash-Info.plist */,
				D7DFA67119117FD2001AE811 /* InfoPlist.strings */,
				D7DFA67419117FD2001AE811 /* main.m */,
				D7F007381911EC1100EB0C62 /* SWParallaxScrollView.h */,
				D7F007391911EC1100EB0C62 /* SWParallaxScrollView.mm */,
				D7DFA67619117FD2001AE811 /* Stash-Prefix.pch */,
			);
			name = "Supporting Files";
			sourceTree = "<group>";
		};
		D7DFA68D19117FD2001AE811 /* StashTests */ = {
			isa = PBXGroup;
			children = (
				D7DFA69319117FD2001AE811 /* StashTests.m */,
				D7DFA68E19117FD2001AE811 /* Supporting Files */,
			);
			path = StashTests;
			sourceTree = "<group>";
		};
		D7DFA68E19117FD2001AE811 /* Supporting Files */ = {
			isa = PBXGroup;
			children = (
				D7DFA68F19117FD2001AE811 /* StashTests-Info.plist */,
				D7DFA69019117FD2001AE811 /* InfoPlist.strings */,
			);
			name = "Supporting Files";
			sourceTree = "<group>";
		};
		D7ECF5B11912B1EC00FF7DE6 /* View */ = {
			isa = PBXGroup;
			children = (
				D7DFA67A19117FD2001AE811 /* Main.storyboard */,
				D7DFA67D19117FD2001AE811 /* TPViewController.h */,
				D712B7671912FDC20063B45B /* TPBrowseIdeasCell.h */,
				D712B7681912FDC20063B45B /* TPBrowseIdeasCell.m */,
				D7DFA67E19117FD2001AE811 /* TPViewController.m */,
			);
			name = View;
			sourceTree = "<group>";
		};
		D7ECF5B21912B23F00FF7DE6 /* Model */ = {
			isa = PBXGroup;
			children = (
				D7ECF5BA1912B2E100FF7DE6 /* TPIdeaController.m */,
				D7ECF5B91912B2E100FF7DE6 /* TPIdeaController.h */,
				D7ECF5AA1912ADB700FF7DE6 /* TPIdea.h */,
				D7ECF5AB1912ADB700FF7DE6 /* TPIdea.m */,
			);
			name = Model;
			sourceTree = "<group>";
		};
		D7ECF5BC1912B2E800FF7DE6 /* Controller */ = {
			isa = PBXGroup;
			children = (
				D7ECF5BE1912CE3200FF7DE6 /* TPBrowseIdeasVC.h */,
				D7ECF5BF1912CE3200FF7DE6 /* TPBrowseIdeasVC.m */,
				D7ECF5B31912B29100FF7DE6 /* TPCategorySelectionVC.h */,
				D7ECF5B41912B29100FF7DE6 /* TPCategorySelectionVC.m */,
				D7ECF5B61912B29F00FF7DE6 /* TPAddIdeaVC.h */,
				D7ECF5B71912B29F00FF7DE6 /* TPAddIdeaVC.m */,
				D712B7641912E5780063B45B /* TPHomeVC.h */,
				D712B7651912E5780063B45B /* TPHomeVC.m */,
			);
			name = Controller;
			sourceTree = "<group>";
		};
		D7F006EC1911C18300EB0C62 /* Catagory Icons */ = {
			isa = PBXGroup;
			children = (
				D7F007351911E2CB00EB0C62 /* PickACategory.png */,
				D7F006ED1911C18300EB0C62 /* Business_Icon.png */,
				D7F006EE1911C18300EB0C62 /* Education_Icon.png */,
				D7F006EF1911C18300EB0C62 /* Entertainment_Icon.png */,
				D7F006F01911C18300EB0C62 /* Finance_Icon.png */,
				D7F006F11911C18300EB0C62 /* Fitness_Icon.png */,
				D7F006F21911C18300EB0C62 /* FoodAndDrinkIcon.png */,
				D7F006F31911C18300EB0C62 /* Games_Icon.png */,
				D7F006F41911C18300EB0C62 /* Lifestyle_Icon.png */,
				D7F006F51911C18300EB0C62 /* Medical_Icon.png */,
				D7F006F61911C18300EB0C62 /* Music_Icon.png */,
				D7F006F71911C18300EB0C62 /* Navigation_Icon.png */,
				D7F006F81911C18300EB0C62 /* News_Icon.png */,
				D7F006F91911C18300EB0C62 /* Photography_Icon.png */,
				D7F006FA1911C18300EB0C62 /* Productivity_Icon.png */,
				D7F006FB1911C18300EB0C62 /* Reference_Icon.png */,
				D7F006FC1911C18300EB0C62 /* SocialNetworking_Icon.png */,
				D7F006FD1911C18300EB0C62 /* Sports_Icon.png */,
				D7F006FE1911C18300EB0C62 /* Travel_Icon.png */,
				D7F006FF1911C18300EB0C62 /* Utility_Icon.png */,
				D7F007001911C18300EB0C62 /* Weather.png */,
			);
			path = "Catagory Icons";
			sourceTree = "<group>";
		};
		D7F007011911C18300EB0C62 /* Home Screen */ = {
			isa = PBXGroup;
			children = (
				D7F007021911C18300EB0C62 /* Stash_Icon.png */,
				D7F007031911C18300EB0C62 /* Stash_Icon.psd */,
			);
			path = "Home Screen";
			sourceTree = "<group>";
		};
		D7F007041911C18300EB0C62 /* Launch Image */ = {
			isa = PBXGroup;
			children = (
				D7F007051911C18300EB0C62 /* Launch Image Quotes.rtf */,
				D7F007061911C18300EB0C62 /* Stash_Launcher.psd */,
				D7F007071911C18300EB0C62 /* Stash_Launcher_1.png */,
			);
			path = "Launch Image";
			sourceTree = "<group>";
		};
		D7F007081911C18300EB0C62 /* Main View */ = {
			isa = PBXGroup;
			children = (
				D7F007341911E2CB00EB0C62 /* tagline.png */,
				D7F007091911C18300EB0C62 /* AddIdea.png */,
				D7F0070A1911C18300EB0C62 /* BrowseIdea.png */,
				D7F0070B1911C18300EB0C62 /* MusicIcon.png */,
				D7F0070C1911C18300EB0C62 /* StashLogo.png */,
			);
			path = "Main View";
			sourceTree = "<group>";
		};
		D7F007321911DE1400EB0C62 /* Images */ = {
			isa = PBXGroup;
			children = (
				D7F4D8BE191205340067593E /* SuperViewBG.png */,
				D7F4D8BF191205340067593E /* SuperViewBG@2x.png */,
				D7F006EC1911C18300EB0C62 /* Catagory Icons */,
				D7F007011911C18300EB0C62 /* Home Screen */,
				D7F007041911C18300EB0C62 /* Launch Image */,
				D7F007081911C18300EB0C62 /* Main View */,
			);
			name = Images;
			sourceTree = "<group>";
		};
		D7F007331911DE1E00EB0C62 /* Fonts */ = {
			isa = PBXGroup;
			children = (
				D7F007311911DDFD00EB0C62 /* Aleo-BoldItalic.otf */,
				D7F0072C1911DDFD00EB0C62 /* Aleo-Regular.otf */,
				D7F0072D1911DDFD00EB0C62 /* Aleo-Bold.otf */,
				D7F0072E1911DDFD00EB0C62 /* Aleo-Light.otf */,
			);
			name = Fonts;
			sourceTree = "<group>";
		};
/* End PBXGroup section */

/* Begin PBXNativeTarget section */
		D7DFA66419117FD2001AE811 /* Stash */ = {
			isa = PBXNativeTarget;
			buildConfigurationList = D7DFA69719117FD2001AE811 /* Build configuration list for PBXNativeTarget "Stash" */;
			buildPhases = (
				8089AE44A41240E8A23D0673 /* Check Pods Manifest.lock */,
				D7DFA66119117FD2001AE811 /* Sources */,
				D7DFA66219117FD2001AE811 /* Frameworks */,
				D7DFA66319117FD2001AE811 /* Resources */,
				29662097A6AC4D0AB2002A36 /* Copy Pods Resources */,
			);
			buildRules = (
			);
			dependencies = (
			);
			name = Stash;
			productName = Stash;
			productReference = D7DFA66519117FD2001AE811 /* Stash.app */;
			productType = "com.apple.product-type.application";
		};
		D7DFA68519117FD2001AE811 /* StashTests */ = {
			isa = PBXNativeTarget;
			buildConfigurationList = D7DFA69A19117FD2001AE811 /* Build configuration list for PBXNativeTarget "StashTests" */;
			buildPhases = (
				D7DFA68219117FD2001AE811 /* Sources */,
				D7DFA68319117FD2001AE811 /* Frameworks */,
				D7DFA68419117FD2001AE811 /* Resources */,
			);
			buildRules = (
			);
			dependencies = (
				D7DFA68C19117FD2001AE811 /* PBXTargetDependency */,
			);
			name = StashTests;
			productName = StashTests;
			productReference = D7DFA68619117FD2001AE811 /* StashTests.xctest */;
			productType = "com.apple.product-type.bundle.unit-test";
		};
/* End PBXNativeTarget section */

/* Begin PBXProject section */
		D7DFA65D19117FD2001AE811 /* Project object */ = {
			isa = PBXProject;
			attributes = {
				CLASSPREFIX = TP;
				LastUpgradeCheck = 0510;
				ORGANIZATIONNAME = potter.io;
				TargetAttributes = {
					D7DFA68519117FD2001AE811 = {
						TestTargetID = D7DFA66419117FD2001AE811;
					};
				};
			};
			buildConfigurationList = D7DFA66019117FD2001AE811 /* Build configuration list for PBXProject "Stash" */;
			compatibilityVersion = "Xcode 3.2";
			developmentRegion = English;
			hasScannedForEncodings = 0;
			knownRegions = (
				en,
				Base,
			);
			mainGroup = D7DFA65C19117FD2001AE811;
			productRefGroup = D7DFA66619117FD2001AE811 /* Products */;
			projectDirPath = "";
			projectRoot = "";
			targets = (
				D7DFA66419117FD2001AE811 /* Stash */,
				D7DFA68519117FD2001AE811 /* StashTests */,
			);
		};
/* End PBXProject section */

/* Begin PBXResourcesBuildPhase section */
		D7DFA66319117FD2001AE811 /* Resources */ = {
			isa = PBXResourcesBuildPhase;
			buildActionMask = 2147483647;
			files = (
				D7F007191911C18300EB0C62 /* Navigation_Icon.png in Resources */,
				D7F0070F1911C18300EB0C62 /* Business_Icon.png in Resources */,
				D7DFA68119117FD2001AE811 /* Images.xcassets in Resources */,
				D7F007251911C18300EB0C62 /* Launch Image Quotes.rtf in Resources */,
				D7F007221911C18300EB0C62 /* Weather.png in Resources */,
				D7F007371911E2CB00EB0C62 /* PickACategory.png in Resources */,
				D7F0071C1911C18300EB0C62 /* Productivity_Icon.png in Resources */,
				D7F0071B1911C18300EB0C62 /* Photography_Icon.png in Resources */,
				D7F0071D1911C18300EB0C62 /* Reference_Icon.png in Resources */,
				D7F007231911C18300EB0C62 /* Stash_Icon.png in Resources */,
				D7F007161911C18300EB0C62 /* Lifestyle_Icon.png in Resources */,
				D7F007271911C18300EB0C62 /* Stash_Launcher_1.png in Resources */,
				D7F007281911C18300EB0C62 /* AddIdea.png in Resources */,
				D7F007241911C18300EB0C62 /* Stash_Icon.psd in Resources */,
				D7F4D8C1191205340067593E /* SuperViewBG@2x.png in Resources */,
				D7F007261911C18300EB0C62 /* Stash_Launcher.psd in Resources */,
				D7F0072B1911C18300EB0C62 /* StashLogo.png in Resources */,
				D7DFA67319117FD2001AE811 /* InfoPlist.strings in Resources */,
				D7DFA67C19117FD2001AE811 /* Main.storyboard in Resources */,
				D7F007131911C18300EB0C62 /* Fitness_Icon.png in Resources */,
				D7F0071F1911C18300EB0C62 /* Sports_Icon.png in Resources */,
				D7F007151911C18300EB0C62 /* Games_Icon.png in Resources */,
				D7F007291911C18300EB0C62 /* BrowseIdea.png in Resources */,
				D7F007171911C18300EB0C62 /* Medical_Icon.png in Resources */,
				D7F007101911C18300EB0C62 /* Education_Icon.png in Resources */,
				D7F4D8C0191205340067593E /* SuperViewBG.png in Resources */,
				D7F007361911E2CB00EB0C62 /* tagline.png in Resources */,
				D7F007201911C18300EB0C62 /* Travel_Icon.png in Resources */,
				D7F0071A1911C18300EB0C62 /* News_Icon.png in Resources */,
				D7F0072A1911C18300EB0C62 /* MusicIcon.png in Resources */,
				D7F007121911C18300EB0C62 /* Finance_Icon.png in Resources */,
				D7F007141911C18300EB0C62 /* FoodAndDrinkIcon.png in Resources */,
				D7F0071E1911C18300EB0C62 /* SocialNetworking_Icon.png in Resources */,
				D7F007211911C18300EB0C62 /* Utility_Icon.png in Resources */,
				D7F007111911C18300EB0C62 /* Entertainment_Icon.png in Resources */,
				D7F007181911C18300EB0C62 /* Music_Icon.png in Resources */,
			);
			runOnlyForDeploymentPostprocessing = 0;
		};
		D7DFA68419117FD2001AE811 /* Resources */ = {
			isa = PBXResourcesBuildPhase;
			buildActionMask = 2147483647;
			files = (
				D7DFA69219117FD2001AE811 /* InfoPlist.strings in Resources */,
			);
			runOnlyForDeploymentPostprocessing = 0;
		};
/* End PBXResourcesBuildPhase section */

/* Begin PBXShellScriptBuildPhase section */
		29662097A6AC4D0AB2002A36 /* Copy Pods Resources */ = {
			isa = PBXShellScriptBuildPhase;
			buildActionMask = 2147483647;
			files = (
			);
			inputPaths = (
			);
			name = "Copy Pods Resources";
			outputPaths = (
			);
			runOnlyForDeploymentPostprocessing = 0;
			shellPath = /bin/sh;
			shellScript = "\"${SRCROOT}/Pods/Pods-resources.sh\"\n";
			showEnvVarsInLog = 0;
		};
		8089AE44A41240E8A23D0673 /* Check Pods Manifest.lock */ = {
			isa = PBXShellScriptBuildPhase;
			buildActionMask = 2147483647;
			files = (
			);
			inputPaths = (
			);
			name = "Check Pods Manifest.lock";
			outputPaths = (
			);
			runOnlyForDeploymentPostprocessing = 0;
			shellPath = /bin/sh;
			shellScript = "diff \"${PODS_ROOT}/../Podfile.lock\" \"${PODS_ROOT}/Manifest.lock\" > /dev/null\nif [[ $? != 0 ]] ; then\n    cat << EOM\nerror: The sandbox is not in sync with the Podfile.lock. Run 'pod install' or update your CocoaPods installation.\nEOM\n    exit 1\nfi\n";
			showEnvVarsInLog = 0;
		};
/* End PBXShellScriptBuildPhase section */

/* Begin PBXSourcesBuildPhase section */
		D7DFA66119117FD2001AE811 /* Sources */ = {
			isa = PBXSourcesBuildPhase;
			buildActionMask = 2147483647;
			files = (
				D7ECF5BB1912B2E100FF7DE6 /* TPIdeaController.m in Sources */,
				D7ECF5C01912CE3200FF7DE6 /* TPBrowseIdeasVC.m in Sources */,
				D7ECF5AC1912ADB700FF7DE6 /* TPIdea.m in Sources */,
				D7ECF5B81912B29F00FF7DE6 /* TPAddIdeaVC.m in Sources */,
				D712B7661912E5780063B45B /* TPHomeVC.m in Sources */,
				D7DFA67F19117FD2001AE811 /* TPViewController.m in Sources */,
				D712B7691912FDC20063B45B /* TPBrowseIdeasCell.m in Sources */,
				D7DFA67919117FD2001AE811 /* TPAppDelegate.m in Sources */,
				D7ECF5B51912B29100FF7DE6 /* TPCategorySelectionVC.m in Sources */,
				D7F0073A1911EC1100EB0C62 /* SWParallaxScrollView.mm in Sources */,
				D7DFA67519117FD2001AE811 /* main.m in Sources */,
			);
			runOnlyForDeploymentPostprocessing = 0;
		};
		D7DFA68219117FD2001AE811 /* Sources */ = {
			isa = PBXSourcesBuildPhase;
			buildActionMask = 2147483647;
			files = (
				D7DFA69419117FD2001AE811 /* StashTests.m in Sources */,
			);
			runOnlyForDeploymentPostprocessing = 0;
		};
/* End PBXSourcesBuildPhase section */

/* Begin PBXTargetDependency section */
		D7DFA68C19117FD2001AE811 /* PBXTargetDependency */ = {
			isa = PBXTargetDependency;
			target = D7DFA66419117FD2001AE811 /* Stash */;
			targetProxy = D7DFA68B19117FD2001AE811 /* PBXContainerItemProxy */;
		};
/* End PBXTargetDependency section */

/* Begin PBXVariantGroup section */
		D7DFA67119117FD2001AE811 /* InfoPlist.strings */ = {
			isa = PBXVariantGroup;
			children = (
				D7DFA67219117FD2001AE811 /* en */,
			);
			name = InfoPlist.strings;
			sourceTree = "<group>";
		};
		D7DFA67A19117FD2001AE811 /* Main.storyboard */ = {
			isa = PBXVariantGroup;
			children = (
				D7DFA67B19117FD2001AE811 /* Base */,
			);
			name = Main.storyboard;
			sourceTree = "<group>";
		};
		D7DFA69019117FD2001AE811 /* InfoPlist.strings */ = {
			isa = PBXVariantGroup;
			children = (
				D7DFA69119117FD2001AE811 /* en */,
			);
			name = InfoPlist.strings;
			sourceTree = "<group>";
		};
/* End PBXVariantGroup section */

/* Begin XCBuildConfiguration section */
		D7DFA69519117FD2001AE811 /* Debug */ = {
			isa = XCBuildConfiguration;
			buildSettings = {
				ALWAYS_SEARCH_USER_PATHS = NO;
				CLANG_CXX_LANGUAGE_STANDARD = "gnu++0x";
				CLANG_CXX_LIBRARY = "libc++";
				CLANG_ENABLE_MODULES = YES;
				CLANG_ENABLE_OBJC_ARC = YES;
				CLANG_WARN_BOOL_CONVERSION = YES;
				CLANG_WARN_CONSTANT_CONVERSION = YES;
				CLANG_WARN_DIRECT_OBJC_ISA_USAGE = YES_ERROR;
				CLANG_WARN_EMPTY_BODY = YES;
				CLANG_WARN_ENUM_CONVERSION = YES;
				CLANG_WARN_INT_CONVERSION = YES;
				CLANG_WARN_OBJC_ROOT_CLASS = YES_ERROR;
				CLANG_WARN__DUPLICATE_METHOD_MATCH = YES;
				"CODE_SIGN_IDENTITY[sdk=iphoneos*]" = "iPhone Developer";
				COPY_PHASE_STRIP = NO;
				GCC_C_LANGUAGE_STANDARD = gnu99;
				GCC_DYNAMIC_NO_PIC = NO;
				GCC_OPTIMIZATION_LEVEL = 0;
				GCC_PREPROCESSOR_DEFINITIONS = (
					"DEBUG=1",
					"$(inherited)",
				);
				GCC_SYMBOLS_PRIVATE_EXTERN = NO;
				GCC_WARN_64_TO_32_BIT_CONVERSION = YES;
				GCC_WARN_ABOUT_RETURN_TYPE = YES_ERROR;
				GCC_WARN_UNDECLARED_SELECTOR = YES;
				GCC_WARN_UNINITIALIZED_AUTOS = YES_AGGRESSIVE;
				GCC_WARN_UNUSED_FUNCTION = YES;
				GCC_WARN_UNUSED_VARIABLE = YES;
				IPHONEOS_DEPLOYMENT_TARGET = 7.1;
				ONLY_ACTIVE_ARCH = YES;
				SDKROOT = iphoneos;
			};
			name = Debug;
		};
		D7DFA69619117FD2001AE811 /* Release */ = {
			isa = XCBuildConfiguration;
			buildSettings = {
				ALWAYS_SEARCH_USER_PATHS = NO;
				CLANG_CXX_LANGUAGE_STANDARD = "gnu++0x";
				CLANG_CXX_LIBRARY = "libc++";
				CLANG_ENABLE_MODULES = YES;
				CLANG_ENABLE_OBJC_ARC = YES;
				CLANG_WARN_BOOL_CONVERSION = YES;
				CLANG_WARN_CONSTANT_CONVERSION = YES;
				CLANG_WARN_DIRECT_OBJC_ISA_USAGE = YES_ERROR;
				CLANG_WARN_EMPTY_BODY = YES;
				CLANG_WARN_ENUM_CONVERSION = YES;
				CLANG_WARN_INT_CONVERSION = YES;
				CLANG_WARN_OBJC_ROOT_CLASS = YES_ERROR;
				CLANG_WARN__DUPLICATE_METHOD_MATCH = YES;
				"CODE_SIGN_IDENTITY[sdk=iphoneos*]" = "iPhone Developer";
				COPY_PHASE_STRIP = YES;
				ENABLE_NS_ASSERTIONS = NO;
				GCC_C_LANGUAGE_STANDARD = gnu99;
				GCC_WARN_64_TO_32_BIT_CONVERSION = YES;
				GCC_WARN_ABOUT_RETURN_TYPE = YES_ERROR;
				GCC_WARN_UNDECLARED_SELECTOR = YES;
				GCC_WARN_UNINITIALIZED_AUTOS = YES_AGGRESSIVE;
				GCC_WARN_UNUSED_FUNCTION = YES;
				GCC_WARN_UNUSED_VARIABLE = YES;
				IPHONEOS_DEPLOYMENT_TARGET = 7.1;
				SDKROOT = iphoneos;
				VALIDATE_PRODUCT = YES;
			};
			name = Release;
		};
		D7DFA69819117FD2001AE811 /* Debug */ = {
			isa = XCBuildConfiguration;
			baseConfigurationReference = 5DA3F53528254B0FBE8B69AB /* Pods.xcconfig */;
			buildSettings = {
				ASSETCATALOG_COMPILER_APPICON_NAME = AppIcon;
				ASSETCATALOG_COMPILER_LAUNCHIMAGE_NAME = LaunchImage;
				GCC_PRECOMPILE_PREFIX_HEADER = YES;
				GCC_PREFIX_HEADER = "Stash/Stash-Prefix.pch";
				INFOPLIST_FILE = "Stash/Stash-Info.plist";
				PRODUCT_NAME = "$(TARGET_NAME)";
				WRAPPER_EXTENSION = app;
			};
			name = Debug;
		};
		D7DFA69919117FD2001AE811 /* Release */ = {
			isa = XCBuildConfiguration;
			baseConfigurationReference = 5DA3F53528254B0FBE8B69AB /* Pods.xcconfig */;
			buildSettings = {
				ASSETCATALOG_COMPILER_APPICON_NAME = AppIcon;
				ASSETCATALOG_COMPILER_LAUNCHIMAGE_NAME = LaunchImage;
				GCC_PRECOMPILE_PREFIX_HEADER = YES;
				GCC_PREFIX_HEADER = "Stash/Stash-Prefix.pch";
				INFOPLIST_FILE = "Stash/Stash-Info.plist";
				PRODUCT_NAME = "$(TARGET_NAME)";
				WRAPPER_EXTENSION = app;
			};
			name = Release;
		};
		D7DFA69B19117FD2001AE811 /* Debug */ = {
			isa = XCBuildConfiguration;
			buildSettings = {
				BUNDLE_LOADER = "$(BUILT_PRODUCTS_DIR)/Stash.app/Stash";
				FRAMEWORK_SEARCH_PATHS = (
					"$(SDKROOT)/Developer/Library/Frameworks",
					"$(inherited)",
					"$(DEVELOPER_FRAMEWORKS_DIR)",
				);
				GCC_PRECOMPILE_PREFIX_HEADER = YES;
				GCC_PREFIX_HEADER = "Stash/Stash-Prefix.pch";
				GCC_PREPROCESSOR_DEFINITIONS = (
					"DEBUG=1",
					"$(inherited)",
				);
				INFOPLIST_FILE = "StashTests/StashTests-Info.plist";
				PRODUCT_NAME = "$(TARGET_NAME)";
				TEST_HOST = "$(BUNDLE_LOADER)";
				WRAPPER_EXTENSION = xctest;
			};
			name = Debug;
		};
		D7DFA69C19117FD2001AE811 /* Release */ = {
			isa = XCBuildConfiguration;
			buildSettings = {
				BUNDLE_LOADER = "$(BUILT_PRODUCTS_DIR)/Stash.app/Stash";
				FRAMEWORK_SEARCH_PATHS = (
					"$(SDKROOT)/Developer/Library/Frameworks",
					"$(inherited)",
					"$(DEVELOPER_FRAMEWORKS_DIR)",
				);
				GCC_PRECOMPILE_PREFIX_HEADER = YES;
				GCC_PREFIX_HEADER = "Stash/Stash-Prefix.pch";
				INFOPLIST_FILE = "StashTests/StashTests-Info.plist";
				PRODUCT_NAME = "$(TARGET_NAME)";
				TEST_HOST = "$(BUNDLE_LOADER)";
				WRAPPER_EXTENSION = xctest;
			};
			name = Release;
		};
/* End XCBuildConfiguration section */

/* Begin XCConfigurationList section */
		D7DFA66019117FD2001AE811 /* Build configuration list for PBXProject "Stash" */ = {
			isa = XCConfigurationList;
			buildConfigurations = (
				D7DFA69519117FD2001AE811 /* Debug */,
				D7DFA69619117FD2001AE811 /* Release */,
			);
			defaultConfigurationIsVisible = 0;
			defaultConfigurationName = Release;
		};
		D7DFA69719117FD2001AE811 /* Build configuration list for PBXNativeTarget "Stash" */ = {
			isa = XCConfigurationList;
			buildConfigurations = (
				D7DFA69819117FD2001AE811 /* Debug */,
				D7DFA69919117FD2001AE811 /* Release */,
			);
			defaultConfigurationIsVisible = 0;
			defaultConfigurationName = Release;
		};
		D7DFA69A19117FD2001AE811 /* Build configuration list for PBXNativeTarget "StashTests" */ = {
			isa = XCConfigurationList;
			buildConfigurations = (
				D7DFA69B19117FD2001AE811 /* Debug */,
				D7DFA69C19117FD2001AE811 /* Release */,
			);
			defaultConfigurationIsVisible = 0;
			defaultConfigurationName = Release;
		};
/* End XCConfigurationList section */
	};
	rootObject = D7DFA65D19117FD2001AE811 /* Project object */;
}
