// !$*UTF8*$!
{
	archiveVersion = 1;
	classes = {
	};
	objectVersion = 46;
	objects = {

/* Begin PBXBuildFile section */
		D7DFA66919117FD2001AE811 /* Foundation.framework in Frameworks */ = {isa = PBXBuildFile; fileRef = D7DFA66819117FD2001AE811 /* Foundation.framework */; };
		D7DFA66B19117FD2001AE811 /* CoreGraphics.framework in Frameworks */ = {isa = PBXBuildFile; fileRef = D7DFA66A19117FD2001AE811 /* CoreGraphics.framework */; };
		D7DFA66D19117FD2001AE811 /* UIKit.framework in Frameworks */ = {isa = PBXBuildFile; fileRef = D7DFA66C19117FD2001AE811 /* UIKit.framework */; };
		D7DFA67319117FD2001AE811 /* InfoPlist.strings in Resources */ = {isa = PBXBuildFile; fileRef = D7DFA67119117FD2001AE811 /* InfoPlist.strings */; };
		D7DFA67519117FD2001AE811 /* main.m in Sources */ = {isa = PBXBuildFile; fileRef = D7DFA67419117FD2001AE811 /* main.m */; };
		D7DFA67919117FD2001AE811 /* TPAppDelegate.m in Sources */ = {isa = PBXBuildFile; fileRef = D7DFA67819117FD2001AE811 /* TPAppDelegate.m */; };
		D7DFA67C19117FD2001AE811 /* Main.storyboard in Resources */ = {isa = PBXBuildFile; fileRef = D7DFA67A19117FD2001AE811 /* Main.storyboard */; };
		D7DFA67F19117FD2001AE811 /* TPViewController.m in Sources */ = {isa = PBXBuildFile; fileRef = D7DFA67E19117FD2001AE811 /* TPViewController.m */; };
		D7DFA68119117FD2001AE811 /* Images.xcassets in Resources */ = {isa = PBXBuildFile; fileRef = D7DFA68019117FD2001AE811 /* Images.xcassets */; };
		D7DFA68819117FD2001AE811 /* XCTest.framework in Frameworks */ = {isa = PBXBuildFile; fileRef = D7DFA68719117FD2001AE811 /* XCTest.framework */; };
		D7DFA68919117FD2001AE811 /* Foundation.framework in Frameworks */ = {isa = PBXBuildFile; fileRef = D7DFA66819117FD2001AE811 /* Foundation.framework */; };
		D7DFA68A19117FD2001AE811 /* UIKit.framework in Frameworks */ = {isa = PBXBuildFile; fileRef = D7DFA66C19117FD2001AE811 /* UIKit.framework */; };
		D7DFA69219117FD2001AE811 /* InfoPlist.strings in Resources */ = {isa = PBXBuildFile; fileRef = D7DFA69019117FD2001AE811 /* InfoPlist.strings */; };
		D7DFA69419117FD2001AE811 /* StashTests.m in Sources */ = {isa = PBXBuildFile; fileRef = D7DFA69319117FD2001AE811 /* StashTests.m */; };
/* End PBXBuildFile section */

/* Begin PBXContainerItemProxy section */
		D7DFA68B19117FD2001AE811 /* PBXContainerItemProxy */ = {
			isa = PBXContainerItemProxy;
			containerPortal = D7DFA65D19117FD2001AE811 /* Project object */;
			proxyType = 1;
			remoteGlobalIDString = D7DFA66419117FD2001AE811;
			remoteInfo = Stash;
		};
/* End PBXContainerItemProxy section */

/* Begin PBXFileReference section */
		D7DFA66519117FD2001AE811 /* Stash.app */ = {isa = PBXFileReference; explicitFileType = wrapper.application; includeInIndex = 0; path = Stash.app; sourceTree = BUILT_PRODUCTS_DIR; };
		D7DFA66819117FD2001AE811 /* Foundation.framework */ = {isa = PBXFileReference; lastKnownFileType = wrapper.framework; name = Foundation.framework; path = System/Library/Frameworks/Foundation.framework; sourceTree = SDKROOT; };
		D7DFA66A19117FD2001AE811 /* CoreGraphics.framework */ = {isa = PBXFileReference; lastKnownFileType = wrapper.framework; name = CoreGraphics.framework; path = System/Library/Frameworks/CoreGraphics.framework; sourceTree = SDKROOT; };
		D7DFA66C19117FD2001AE811 /* UIKit.framework */ = {isa = PBXFileReference; lastKnownFileType = wrapper.framework; name = UIKit.framework; path = System/Library/Frameworks/UIKit.framework; sourceTree = SDKROOT; };
		D7DFA67019117FD2001AE811 /* Stash-Info.plist */ = {isa = PBXFileReference; lastKnownFileType = text.plist.xml; path = "Stash-Info.plist"; sourceTree = "<group>"; };
		D7DFA67219117FD2001AE811 /* en */ = {isa = PBXFileReference; lastKnownFileType = text.plist.strings; name = en; path = en.lproj/InfoPlist.strings; sourceTree = "<group>"; };
		D7DFA67419117FD2001AE811 /* main.m */ = {isa = PBXFileReference; lastKnownFileType = sourcecode.c.objc; path = main.m; sourceTree = "<group>"; };
		D7DFA67619117FD2001AE811 /* Stash-Prefix.pch */ = {isa = PBXFileReference; lastKnownFileType = sourcecode.c.h; path = "Stash-Prefix.pch"; sourceTree = "<group>"; };
		D7DFA67719117FD2001AE811 /* TPAppDelegate.h */ = {isa = PBXFileReference; lastKnownFileType = sourcecode.c.h; path = TPAppDelegate.h; sourceTree = "<group>"; };
		D7DFA67819117FD2001AE811 /* TPAppDelegate.m */ = {isa = PBXFileReference; lastKnownFileType = sourcecode.c.objc; path = TPAppDelegate.m; sourceTree = "<group>"; };
		D7DFA67B19117FD2001AE811 /* Base */ = {isa = PBXFileReference; lastKnownFileType = file.storyboard; name = Base; path = Base.lproj/Main.storyboard; sourceTree = "<group>"; };
		D7DFA67D19117FD2001AE811 /* TPViewController.h */ = {isa = PBXFileReference; lastKnownFileType = sourcecode.c.h; path = TPViewController.h; sourceTree = "<group>"; };
		D7DFA67E19117FD2001AE811 /* TPViewController.m */ = {isa = PBXFileReference; lastKnownFileType = sourcecode.c.objc; path = TPViewController.m; sourceTree = "<group>"; };
		D7DFA68019117FD2001AE811 /* Images.xcassets */ = {isa = PBXFileReference; lastKnownFileType = folder.assetcatalog; path = Images.xcassets; sourceTree = "<group>"; };
		D7DFA68619117FD2001AE811 /* StashTests.xctest */ = {isa = PBXFileReference; explicitFileType = wrapper.cfbundle; includeInIndex = 0; path = StashTests.xctest; sourceTree = BUILT_PRODUCTS_DIR; };
		D7DFA68719117FD2001AE811 /* XCTest.framework */ = {isa = PBXFileReference; lastKnownFileType = wrapper.framework; name = XCTest.framework; path = Library/Frameworks/XCTest.framework; sourceTree = DEVELOPER_DIR; };
		D7DFA68F19117FD2001AE811 /* StashTests-Info.plist */ = {isa = PBXFileReference; lastKnownFileType = text.plist.xml; path = "StashTests-Info.plist"; sourceTree = "<group>"; };
		D7DFA69119117FD2001AE811 /* en */ = {isa = PBXFileReference; lastKnownFileType = text.plist.strings; name = en; path = en.lproj/InfoPlist.strings; sourceTree = "<group>"; };
		D7DFA69319117FD2001AE811 /* StashTests.m */ = {isa = PBXFileReference; lastKnownFileType = sourcecode.c.objc; path = StashTests.m; sourceTree = "<group>"; };
/* End PBXFileReference section */

/* Begin PBXFrameworksBuildPhase section */
		D7DFA66219117FD2001AE811 /* Frameworks */ = {
			isa = PBXFrameworksBuildPhase;
			buildActionMask = 2147483647;
			files = (
				D7DFA66B19117FD2001AE811 /* CoreGraphics.framework in Frameworks */,
				D7DFA66D19117FD2001AE811 /* UIKit.framework in Frameworks */,
				D7DFA66919117FD2001AE811 /* Foundation.framework in Frameworks */,
			);
			runOnlyForDeploymentPostprocessing = 0;
		};
		D7DFA68319117FD2001AE811 /* Frameworks */ = {
			isa = PBXFrameworksBuildPhase;
			buildActionMask = 2147483647;
			files = (
				D7DFA68819117FD2001AE811 /* XCTest.framework in Frameworks */,
				D7DFA68A19117FD2001AE811 /* UIKit.framework in Frameworks */,
				D7DFA68919117FD2001AE811 /* Foundation.framework in Frameworks */,
			);
			runOnlyForDeploymentPostprocessing = 0;
		};
/* End PBXFrameworksBuildPhase section */

/* Begin PBXGroup section */
		D7DFA65C19117FD2001AE811 = {
			isa = PBXGroup;
			children = (
				D7DFA66E19117FD2001AE811 /* Stash */,
				D7DFA68D19117FD2001AE811 /* StashTests */,
				D7DFA66719117FD2001AE811 /* Frameworks */,
				D7DFA66619117FD2001AE811 /* Products */,
			);
			sourceTree = "<group>";
		};
		D7DFA66619117FD2001AE811 /* Products */ = {
			isa = PBXGroup;
			children = (
				D7DFA66519117FD2001AE811 /* Stash.app */,
				D7DFA68619117FD2001AE811 /* StashTests.xctest */,
			);
			name = Products;
			sourceTree = "<group>";
		};
		D7DFA66719117FD2001AE811 /* Frameworks */ = {
			isa = PBXGroup;
			children = (
				D7DFA66819117FD2001AE811 /* Foundation.framework */,
				D7DFA66A19117FD2001AE811 /* CoreGraphics.framework */,
				D7DFA66C19117FD2001AE811 /* UIKit.framework */,
				D7DFA68719117FD2001AE811 /* XCTest.framework */,
			);
			name = Frameworks;
			sourceTree = "<group>";
		};
		D7DFA66E19117FD2001AE811 /* Stash */ = {
			isa = PBXGroup;
			children = (
				D7DFA67719117FD2001AE811 /* TPAppDelegate.h */,
				D7DFA67819117FD2001AE811 /* TPAppDelegate.m */,
				D7DFA67A19117FD2001AE811 /* Main.storyboard */,
				D7DFA67D19117FD2001AE811 /* TPViewController.h */,
				D7DFA67E19117FD2001AE811 /* TPViewController.m */,
				D7DFA68019117FD2001AE811 /* Images.xcassets */,
				D7DFA66F19117FD2001AE811 /* Supporting Files */,
			);
			path = Stash;
			sourceTree = "<group>";
		};
		D7DFA66F19117FD2001AE811 /* Supporting Files */ = {
			isa = PBXGroup;
			children = (
				D7DFA67019117FD2001AE811 /* Stash-Info.plist */,
				D7DFA67119117FD2001AE811 /* InfoPlist.strings */,
				D7DFA67419117FD2001AE811 /* main.m */,
				D7DFA67619117FD2001AE811 /* Stash-Prefix.pch */,
			);
			name = "Supporting Files";
			sourceTree = "<group>";
		};
		D7DFA68D19117FD2001AE811 /* StashTests */ = {
			isa = PBXGroup;
			children = (
				D7DFA69319117FD2001AE811 /* StashTests.m */,
				D7DFA68E19117FD2001AE811 /* Supporting Files */,
			);
			path = StashTests;
			sourceTree = "<group>";
		};
		D7DFA68E19117FD2001AE811 /* Supporting Files */ = {
			isa = PBXGroup;
			children = (
				D7DFA68F19117FD2001AE811 /* StashTests-Info.plist */,
				D7DFA69019117FD2001AE811 /* InfoPlist.strings */,
			);
			name = "Supporting Files";
			sourceTree = "<group>";
		};
/* End PBXGroup section */

/* Begin PBXNativeTarget section */
		D7DFA66419117FD2001AE811 /* Stash */ = {
			isa = PBXNativeTarget;
			buildConfigurationList = D7DFA69719117FD2001AE811 /* Build configuration list for PBXNativeTarget "Stash" */;
			buildPhases = (
				D7DFA66119117FD2001AE811 /* Sources */,
				D7DFA66219117FD2001AE811 /* Frameworks */,
				D7DFA66319117FD2001AE811 /* Resources */,
			);
			buildRules = (
			);
			dependencies = (
			);
			name = Stash;
			productName = Stash;
			productReference = D7DFA66519117FD2001AE811 /* Stash.app */;
			productType = "com.apple.product-type.application";
		};
		D7DFA68519117FD2001AE811 /* StashTests */ = {
			isa = PBXNativeTarget;
			buildConfigurationList = D7DFA69A19117FD2001AE811 /* Build configuration list for PBXNativeTarget "StashTests" */;
			buildPhases = (
				D7DFA68219117FD2001AE811 /* Sources */,
				D7DFA68319117FD2001AE811 /* Frameworks */,
				D7DFA68419117FD2001AE811 /* Resources */,
			);
			buildRules = (
			);
			dependencies = (
				D7DFA68C19117FD2001AE811 /* PBXTargetDependency */,
			);
			name = StashTests;
			productName = StashTests;
			productReference = D7DFA68619117FD2001AE811 /* StashTests.xctest */;
			productType = "com.apple.product-type.bundle.unit-test";
		};
/* End PBXNativeTarget section */

/* Begin PBXProject section */
		D7DFA65D19117FD2001AE811 /* Project object */ = {
			isa = PBXProject;
			attributes = {
				CLASSPREFIX = TP;
				LastUpgradeCheck = 0510;
				ORGANIZATIONNAME = potter.io;
				TargetAttributes = {
					D7DFA68519117FD2001AE811 = {
						TestTargetID = D7DFA66419117FD2001AE811;
					};
				};
			};
			buildConfigurationList = D7DFA66019117FD2001AE811 /* Build configuration list for PBXProject "Stash" */;
			compatibilityVersion = "Xcode 3.2";
			developmentRegion = English;
			hasScannedForEncodings = 0;
			knownRegions = (
				en,
				Base,
			);
			mainGroup = D7DFA65C19117FD2001AE811;
			productRefGroup = D7DFA66619117FD2001AE811 /* Products */;
			projectDirPath = "";
			projectRoot = "";
			targets = (
				D7DFA66419117FD2001AE811 /* Stash */,
				D7DFA68519117FD2001AE811 /* StashTests */,
			);
		};
/* End PBXProject section */

/* Begin PBXResourcesBuildPhase section */
		D7DFA66319117FD2001AE811 /* Resources */ = {
			isa = PBXResourcesBuildPhase;
			buildActionMask = 2147483647;
			files = (
				D7DFA68119117FD2001AE811 /* Images.xcassets in Resources */,
				D7DFA67319117FD2001AE811 /* InfoPlist.strings in Resources */,
				D7DFA67C19117FD2001AE811 /* Main.storyboard in Resources */,
			);
			runOnlyForDeploymentPostprocessing = 0;
		};
		D7DFA68419117FD2001AE811 /* Resources */ = {
			isa = PBXResourcesBuildPhase;
			buildActionMask = 2147483647;
			files = (
				D7DFA69219117FD2001AE811 /* InfoPlist.strings in Resources */,
			);
			runOnlyForDeploymentPostprocessing = 0;
		};
/* End PBXResourcesBuildPhase section */

/* Begin PBXSourcesBuildPhase section */
		D7DFA66119117FD2001AE811 /* Sources */ = {
			isa = PBXSourcesBuildPhase;
			buildActionMask = 2147483647;
			files = (
				D7DFA67F19117FD2001AE811 /* TPViewController.m in Sources */,
				D7DFA67919117FD2001AE811 /* TPAppDelegate.m in Sources */,
				D7DFA67519117FD2001AE811 /* main.m in Sources */,
			);
			runOnlyForDeploymentPostprocessing = 0;
		};
		D7DFA68219117FD2001AE811 /* Sources */ = {
			isa = PBXSourcesBuildPhase;
			buildActionMask = 2147483647;
			files = (
				D7DFA69419117FD2001AE811 /* StashTests.m in Sources */,
			);
			runOnlyForDeploymentPostprocessing = 0;
		};
/* End PBXSourcesBuildPhase section */

/* Begin PBXTargetDependency section */
		D7DFA68C19117FD2001AE811 /* PBXTargetDependency */ = {
			isa = PBXTargetDependency;
			target = D7DFA66419117FD2001AE811 /* Stash */;
			targetProxy = D7DFA68B19117FD2001AE811 /* PBXContainerItemProxy */;
		};
/* End PBXTargetDependency section */

/* Begin PBXVariantGroup section */
		D7DFA67119117FD2001AE811 /* InfoPlist.strings */ = {
			isa = PBXVariantGroup;
			children = (
				D7DFA67219117FD2001AE811 /* en */,
			);
			name = InfoPlist.strings;
			sourceTree = "<group>";
		};
		D7DFA67A19117FD2001AE811 /* Main.storyboard */ = {
			isa = PBXVariantGroup;
			children = (
				D7DFA67B19117FD2001AE811 /* Base */,
			);
			name = Main.storyboard;
			sourceTree = "<group>";
		};
		D7DFA69019117FD2001AE811 /* InfoPlist.strings */ = {
			isa = PBXVariantGroup;
			children = (
				D7DFA69119117FD2001AE811 /* en */,
			);
			name = InfoPlist.strings;
			sourceTree = "<group>";
		};
/* End PBXVariantGroup section */

/* Begin XCBuildConfiguration section */
		D7DFA69519117FD2001AE811 /* Debug */ = {
			isa = XCBuildConfiguration;
			buildSettings = {
				ALWAYS_SEARCH_USER_PATHS = NO;
				CLANG_CXX_LANGUAGE_STANDARD = "gnu++0x";
				CLANG_CXX_LIBRARY = "libc++";
				CLANG_ENABLE_MODULES = YES;
				CLANG_ENABLE_OBJC_ARC = YES;
				CLANG_WARN_BOOL_CONVERSION = YES;
				CLANG_WARN_CONSTANT_CONVERSION = YES;
				CLANG_WARN_DIRECT_OBJC_ISA_USAGE = YES_ERROR;
				CLANG_WARN_EMPTY_BODY = YES;
				CLANG_WARN_ENUM_CONVERSION = YES;
				CLANG_WARN_INT_CONVERSION = YES;
				CLANG_WARN_OBJC_ROOT_CLASS = YES_ERROR;
				CLANG_WARN__DUPLICATE_METHOD_MATCH = YES;
				"CODE_SIGN_IDENTITY[sdk=iphoneos*]" = "iPhone Developer";
				COPY_PHASE_STRIP = NO;
				GCC_C_LANGUAGE_STANDARD = gnu99;
				GCC_DYNAMIC_NO_PIC = NO;
				GCC_OPTIMIZATION_LEVEL = 0;
				GCC_PREPROCESSOR_DEFINITIONS = (
					"DEBUG=1",
					"$(inherited)",
				);
				GCC_SYMBOLS_PRIVATE_EXTERN = NO;
				GCC_WARN_64_TO_32_BIT_CONVERSION = YES;
				GCC_WARN_ABOUT_RETURN_TYPE = YES_ERROR;
				GCC_WARN_UNDECLARED_SELECTOR = YES;
				GCC_WARN_UNINITIALIZED_AUTOS = YES_AGGRESSIVE;
				GCC_WARN_UNUSED_FUNCTION = YES;
				GCC_WARN_UNUSED_VARIABLE = YES;
				IPHONEOS_DEPLOYMENT_TARGET = 7.1;
				ONLY_ACTIVE_ARCH = YES;
				SDKROOT = iphoneos;
			};
			name = Debug;
		};
		D7DFA69619117FD2001AE811 /* Release */ = {
			isa = XCBuildConfiguration;
			buildSettings = {
				ALWAYS_SEARCH_USER_PATHS = NO;
				CLANG_CXX_LANGUAGE_STANDARD = "gnu++0x";
				CLANG_CXX_LIBRARY = "libc++";
				CLANG_ENABLE_MODULES = YES;
				CLANG_ENABLE_OBJC_ARC = YES;
				CLANG_WARN_BOOL_CONVERSION = YES;
				CLANG_WARN_CONSTANT_CONVERSION = YES;
				CLANG_WARN_DIRECT_OBJC_ISA_USAGE = YES_ERROR;
				CLANG_WARN_EMPTY_BODY = YES;
				CLANG_WARN_ENUM_CONVERSION = YES;
				CLANG_WARN_INT_CONVERSION = YES;
				CLANG_WARN_OBJC_ROOT_CLASS = YES_ERROR;
				CLANG_WARN__DUPLICATE_METHOD_MATCH = YES;
				"CODE_SIGN_IDENTITY[sdk=iphoneos*]" = "iPhone Developer";
				COPY_PHASE_STRIP = YES;
				ENABLE_NS_ASSERTIONS = NO;
				GCC_C_LANGUAGE_STANDARD = gnu99;
				GCC_WARN_64_TO_32_BIT_CONVERSION = YES;
				GCC_WARN_ABOUT_RETURN_TYPE = YES_ERROR;
				GCC_WARN_UNDECLARED_SELECTOR = YES;
				GCC_WARN_UNINITIALIZED_AUTOS = YES_AGGRESSIVE;
				GCC_WARN_UNUSED_FUNCTION = YES;
				GCC_WARN_UNUSED_VARIABLE = YES;
				IPHONEOS_DEPLOYMENT_TARGET = 7.1;
				SDKROOT = iphoneos;
				VALIDATE_PRODUCT = YES;
			};
			name = Release;
		};
		D7DFA69819117FD2001AE811 /* Debug */ = {
			isa = XCBuildConfiguration;
			buildSettings = {
				ASSETCATALOG_COMPILER_APPICON_NAME = AppIcon;
				ASSETCATALOG_COMPILER_LAUNCHIMAGE_NAME = LaunchImage;
				GCC_PRECOMPILE_PREFIX_HEADER = YES;
				GCC_PREFIX_HEADER = "Stash/Stash-Prefix.pch";
				INFOPLIST_FILE = "Stash/Stash-Info.plist";
				PRODUCT_NAME = "$(TARGET_NAME)";
				WRAPPER_EXTENSION = app;
			};
			name = Debug;
		};
		D7DFA69919117FD2001AE811 /* Release */ = {
			isa = XCBuildConfiguration;
			buildSettings = {
				ASSETCATALOG_COMPILER_APPICON_NAME = AppIcon;
				ASSETCATALOG_COMPILER_LAUNCHIMAGE_NAME = LaunchImage;
				GCC_PRECOMPILE_PREFIX_HEADER = YES;
				GCC_PREFIX_HEADER = "Stash/Stash-Prefix.pch";
				INFOPLIST_FILE = "Stash/Stash-Info.plist";
				PRODUCT_NAME = "$(TARGET_NAME)";
				WRAPPER_EXTENSION = app;
			};
			name = Release;
		};
		D7DFA69B19117FD2001AE811 /* Debug */ = {
			isa = XCBuildConfiguration;
			buildSettings = {
				BUNDLE_LOADER = "$(BUILT_PRODUCTS_DIR)/Stash.app/Stash";
				FRAMEWORK_SEARCH_PATHS = (
					"$(SDKROOT)/Developer/Library/Frameworks",
					"$(inherited)",
					"$(DEVELOPER_FRAMEWORKS_DIR)",
				);
				GCC_PRECOMPILE_PREFIX_HEADER = YES;
				GCC_PREFIX_HEADER = "Stash/Stash-Prefix.pch";
				GCC_PREPROCESSOR_DEFINITIONS = (
					"DEBUG=1",
					"$(inherited)",
				);
				INFOPLIST_FILE = "StashTests/StashTests-Info.plist";
				PRODUCT_NAME = "$(TARGET_NAME)";
				TEST_HOST = "$(BUNDLE_LOADER)";
				WRAPPER_EXTENSION = xctest;
			};
			name = Debug;
		};
		D7DFA69C19117FD2001AE811 /* Release */ = {
			isa = XCBuildConfiguration;
			buildSettings = {
				BUNDLE_LOADER = "$(BUILT_PRODUCTS_DIR)/Stash.app/Stash";
				FRAMEWORK_SEARCH_PATHS = (
					"$(SDKROOT)/Developer/Library/Frameworks",
					"$(inherited)",
					"$(DEVELOPER_FRAMEWORKS_DIR)",
				);
				GCC_PRECOMPILE_PREFIX_HEADER = YES;
				GCC_PREFIX_HEADER = "Stash/Stash-Prefix.pch";
				INFOPLIST_FILE = "StashTests/StashTests-Info.plist";
				PRODUCT_NAME = "$(TARGET_NAME)";
				TEST_HOST = "$(BUNDLE_LOADER)";
				WRAPPER_EXTENSION = xctest;
			};
			name = Release;
		};
/* End XCBuildConfiguration section */

/* Begin XCConfigurationList section */
		D7DFA66019117FD2001AE811 /* Build configuration list for PBXProject "Stash" */ = {
			isa = XCConfigurationList;
			buildConfigurations = (
				D7DFA69519117FD2001AE811 /* Debug */,
				D7DFA69619117FD2001AE811 /* Release */,
			);
			defaultConfigurationIsVisible = 0;
			defaultConfigurationName = Release;
		};
		D7DFA69719117FD2001AE811 /* Build configuration list for PBXNativeTarget "Stash" */ = {
			isa = XCConfigurationList;
			buildConfigurations = (
				D7DFA69819117FD2001AE811 /* Debug */,
				D7DFA69919117FD2001AE811 /* Release */,
			);
			defaultConfigurationIsVisible = 0;
		};
		D7DFA69A19117FD2001AE811 /* Build configuration list for PBXNativeTarget "StashTests" */ = {
			isa = XCConfigurationList;
			buildConfigurations = (
				D7DFA69B19117FD2001AE811 /* Debug */,
				D7DFA69C19117FD2001AE811 /* Release */,
			);
			defaultConfigurationIsVisible = 0;
		};
/* End XCConfigurationList section */
	};
	rootObject = D7DFA65D19117FD2001AE811 /* Project object */;
}
